
Microsoft Visual Studio Solution File, Format Version 12.00
# Visual Studio Version 17
VisualStudioVersion = 17.1.32228.430
MinimumVisualStudioVersion = 10.0.40219.1
Project("{9A19103F-16F7-4668-BE54-9A1E7A4F7556}") = "BE.API", "BE.API\BE.API.csproj", "{3F96B8C2-4836-4CC8-84DD-40CA962DC3C6}"
EndProject
Project("{9A19103F-16F7-4668-BE54-9A1E7A4F7556}") = "BE.BS", "BE.BS\BE.BS.csproj", "{B9080B37-AB55-4147-957D-A94AD0009CFA}"
EndProject
Project("{9A19103F-16F7-4668-BE54-9A1E7A4F7556}") = "BE.DAL", "BE.DAL\BE.DAL.csproj", "{3762CBF6-61B9-48C2-813F-ED6296EC3295}"
EndProject
Project("{9A19103F-16F7-4668-BE54-9A1E7A4F7556}") = "BE.DAL.DO", "BE.DAL.DO\BE.DAL.DO.csproj", "{9D5E0B9A-A718-46CD-8A62-8C077213EF09}"
EndProject
Project("{9A19103F-16F7-4668-BE54-9A1E7A4F7556}") = "BE.DAL.EF", "BE.DAL.EF\BE.DAL.EF.csproj", "{FC081F2C-DB6B-4AB7-A486-9D857EA2A825}"
EndProject
Project("{9A19103F-16F7-4668-BE54-9A1E7A4F7556}") = "BE.DAL.Repository", "BE.DAL.Repository\BE.DAL.Repository.csproj", "{0D2F1CBB-9211-43F6-9348-31F9AFA7F91D}"
EndProject
Global
	GlobalSection(SolutionConfigurationPlatforms) = preSolution
		Debug|Any CPU = Debug|Any CPU
		Release|Any CPU = Release|Any CPU
	EndGlobalSection
	GlobalSection(ProjectConfigurationPlatforms) = postSolution
		{3F96B8C2-4836-4CC8-84DD-40CA962DC3C6}.Debug|Any CPU.ActiveCfg = Debug|Any CPU
		{3F96B8C2-4836-4CC8-84DD-40CA962DC3C6}.Debug|Any CPU.Build.0 = Debug|Any CPU
		{3F96B8C2-4836-4CC8-84DD-40CA962DC3C6}.Release|Any CPU.ActiveCfg = Release|Any CPU
		{3F96B8C2-4836-4CC8-84DD-40CA962DC3C6}.Release|Any CPU.Build.0 = Release|Any CPU
		{B9080B37-AB55-4147-957D-A94AD0009CFA}.Debug|Any CPU.ActiveCfg = Debug|Any CPU
		{B9080B37-AB55-4147-957D-A94AD0009CFA}.Debug|Any CPU.Build.0 = Debug|Any CPU
		{B9080B37-AB55-4147-957D-A94AD0009CFA}.Release|Any CPU.ActiveCfg = Release|Any CPU
		{B9080B37-AB55-4147-957D-A94AD0009CFA}.Release|Any CPU.Build.0 = Release|Any CPU
		{3762CBF6-61B9-48C2-813F-ED6296EC3295}.Debug|Any CPU.ActiveCfg = Debug|Any CPU
		{3762CBF6-61B9-48C2-813F-ED6296EC3295}.Debug|Any CPU.Build.0 = Debug|Any CPU
		{3762CBF6-61B9-48C2-813F-ED6296EC3295}.Release|Any CPU.ActiveCfg = Release|Any CPU
		{3762CBF6-61B9-48C2-813F-ED6296EC3295}.Release|Any CPU.Build.0 = Release|Any CPU
		{9D5E0B9A-A718-46CD-8A62-8C077213EF09}.Debug|Any CPU.ActiveCfg = Debug|Any CPU
		{9D5E0B9A-A718-46CD-8A62-8C077213EF09}.Debug|Any CPU.Build.0 = Debug|Any CPU
		{9D5E0B9A-A718-46CD-8A62-8C077213EF09}.Release|Any CPU.ActiveCfg = Release|Any CPU
		{9D5E0B9A-A718-46CD-8A62-8C077213EF09}.Release|Any CPU.Build.0 = Release|Any CPU
		{FC081F2C-DB6B-4AB7-A486-9D857EA2A825}.Debug|Any CPU.ActiveCfg = Debug|Any CPU
		{FC081F2C-DB6B-4AB7-A486-9D857EA2A825}.Debug|Any CPU.Build.0 = Debug|Any CPU
		{FC081F2C-DB6B-4AB7-A486-9D857EA2A825}.Release|Any CPU.ActiveCfg = Release|Any CPU
		{FC081F2C-DB6B-4AB7-A486-9D857EA2A825}.Release|Any CPU.Build.0 = Release|Any CPU
		{0D2F1CBB-9211-43F6-9348-31F9AFA7F91D}.Debug|Any CPU.ActiveCfg = Debug|Any CPU
		{0D2F1CBB-9211-43F6-9348-31F9AFA7F91D}.Debug|Any CPU.Build.0 = Debug|Any CPU
		{0D2F1CBB-9211-43F6-9348-31F9AFA7F91D}.Release|Any CPU.ActiveCfg = Release|Any CPU
		{0D2F1CBB-9211-43F6-9348-31F9AFA7F91D}.Release|Any CPU.Build.0 = Release|Any CPU
	EndGlobalSection
	GlobalSection(SolutionProperties) = preSolution
		HideSolutionNode = FALSE
	EndGlobalSection
	GlobalSection(ExtensibilityGlobals) = postSolution
		SolutionGuid = {D5A57CB2-8F87-4D0B-9B64-DFE79D56FDEB}
	EndGlobalSection
EndGlobal
